
Microsoft Visual Studio Solution File, Format Version 12.00
# Visual Studio Version 17
VisualStudioVersion = 17.1.32421.90
MinimumVisualStudioVersion = 10.0.40219.1
Project("{FAE04EC0-301F-11D3-BF4B-00C04F79EFBC}") = "SamplesJournal_v2.Android", "SamplesJournal_v2\SamplesJournal_v2.Android\SamplesJournal_v2.Android.csproj", "{3CD3D2D3-D6F0-40EC-A2C8-483D63B5CAA5}"
EndProject
Project("{FAE04EC0-301F-11D3-BF4B-00C04F79EFBC}") = "SamplesJournal_v2.iOS", "SamplesJournal_v2\SamplesJournal_v2.iOS\SamplesJournal_v2.iOS.csproj", "{9F7D9D5F-F4C2-4B39-9FB9-595443C024CC}"
EndProject
Project("{FAE04EC0-301F-11D3-BF4B-00C04F79EFBC}") = "SamplesJournal_v2", "SamplesJournal_v2\SamplesJournal_v2\SamplesJournal_v2.csproj", "{49E48FFE-CEEA-4079-96B8-029ED76A3CA6}"
EndProject
Global
	GlobalSection(SolutionConfigurationPlatforms) = preSolution
		Debug|Any CPU = Debug|Any CPU
		Debug|iPhone = Debug|iPhone
		Debug|iPhoneSimulator = Debug|iPhoneSimulator
		Release|Any CPU = Release|Any CPU
		Release|iPhone = Release|iPhone
		Release|iPhoneSimulator = Release|iPhoneSimulator
	EndGlobalSection
	GlobalSection(ProjectConfigurationPlatforms) = postSolution
		{3CD3D2D3-D6F0-40EC-A2C8-483D63B5CAA5}.Debug|Any CPU.ActiveCfg = Debug|Any CPU
		{3CD3D2D3-D6F0-40EC-A2C8-483D63B5CAA5}.Debug|Any CPU.Build.0 = Debug|Any CPU
		{3CD3D2D3-D6F0-40EC-A2C8-483D63B5CAA5}.Debug|Any CPU.Deploy.0 = Debug|Any CPU
		{3CD3D2D3-D6F0-40EC-A2C8-483D63B5CAA5}.Debug|iPhone.ActiveCfg = Debug|Any CPU
		{3CD3D2D3-D6F0-40EC-A2C8-483D63B5CAA5}.Debug|iPhone.Build.0 = Debug|Any CPU
		{3CD3D2D3-D6F0-40EC-A2C8-483D63B5CAA5}.Debug|iPhone.Deploy.0 = Debug|Any CPU
		{3CD3D2D3-D6F0-40EC-A2C8-483D63B5CAA5}.Debug|iPhoneSimulator.ActiveCfg = Debug|Any CPU
		{3CD3D2D3-D6F0-40EC-A2C8-483D63B5CAA5}.Debug|iPhoneSimulator.Build.0 = Debug|Any CPU
		{3CD3D2D3-D6F0-40EC-A2C8-483D63B5CAA5}.Debug|iPhoneSimulator.Deploy.0 = Debug|Any CPU
		{3CD3D2D3-D6F0-40EC-A2C8-483D63B5CAA5}.Release|Any CPU.ActiveCfg = Release|Any CPU
		{3CD3D2D3-D6F0-40EC-A2C8-483D63B5CAA5}.Release|Any CPU.Build.0 = Release|Any CPU
		{3CD3D2D3-D6F0-40EC-A2C8-483D63B5CAA5}.Release|Any CPU.Deploy.0 = Release|Any CPU
		{3CD3D2D3-D6F0-40EC-A2C8-483D63B5CAA5}.Release|iPhone.ActiveCfg = Release|Any CPU
		{3CD3D2D3-D6F0-40EC-A2C8-483D63B5CAA5}.Release|iPhone.Build.0 = Release|Any CPU
		{3CD3D2D3-D6F0-40EC-A2C8-483D63B5CAA5}.Release|iPhone.Deploy.0 = Release|Any CPU
		{3CD3D2D3-D6F0-40EC-A2C8-483D63B5CAA5}.Release|iPhoneSimulator.ActiveCfg = Release|Any CPU
		{3CD3D2D3-D6F0-40EC-A2C8-483D63B5CAA5}.Release|iPhoneSimulator.Build.0 = Release|Any CPU
		{3CD3D2D3-D6F0-40EC-A2C8-483D63B5CAA5}.Release|iPhoneSimulator.Deploy.0 = Release|Any CPU
		{9F7D9D5F-F4C2-4B39-9FB9-595443C024CC}.Debug|Any CPU.ActiveCfg = Debug|iPhone
		{9F7D9D5F-F4C2-4B39-9FB9-595443C024CC}.Debug|Any CPU.Build.0 = Debug|iPhone
		{9F7D9D5F-F4C2-4B39-9FB9-595443C024CC}.Debug|Any CPU.Deploy.0 = Debug|iPhone
		{9F7D9D5F-F4C2-4B39-9FB9-595443C024CC}.Debug|iPhone.ActiveCfg = Debug|iPhone
		{9F7D9D5F-F4C2-4B39-9FB9-595443C024CC}.Debug|iPhone.Build.0 = Debug|iPhone
		{9F7D9D5F-F4C2-4B39-9FB9-595443C024CC}.Debug|iPhone.Deploy.0 = Debug|iPhone
		{9F7D9D5F-F4C2-4B39-9FB9-595443C024CC}.Debug|iPhoneSimulator.ActiveCfg = Debug|iPhoneSimulator
		{9F7D9D5F-F4C2-4B39-9FB9-595443C024CC}.Debug|iPhoneSimulator.Build.0 = Debug|iPhoneSimulator
		{9F7D9D5F-F4C2-4B39-9FB9-595443C024CC}.Debug|iPhoneSimulator.Deploy.0 = Debug|iPhoneSimulator
		{9F7D9D5F-F4C2-4B39-9FB9-595443C024CC}.Release|Any CPU.ActiveCfg = Release|iPhoneSimulator
		{9F7D9D5F-F4C2-4B39-9FB9-595443C024CC}.Release|Any CPU.Build.0 = Release|iPhoneSimulator
		{9F7D9D5F-F4C2-4B39-9FB9-595443C024CC}.Release|Any CPU.Deploy.0 = Release|iPhoneSimulator
		{9F7D9D5F-F4C2-4B39-9FB9-595443C024CC}.Release|iPhone.ActiveCfg = Release|iPhone
		{9F7D9D5F-F4C2-4B39-9FB9-595443C024CC}.Release|iPhone.Build.0 = Release|iPhone
		{9F7D9D5F-F4C2-4B39-9FB9-595443C024CC}.Release|iPhone.Deploy.0 = Release|iPhone
		{9F7D9D5F-F4C2-4B39-9FB9-595443C024CC}.Release|iPhoneSimulator.ActiveCfg = Release|iPhoneSimulator
		{9F7D9D5F-F4C2-4B39-9FB9-595443C024CC}.Release|iPhoneSimulator.Build.0 = Release|iPhoneSimulator
		{9F7D9D5F-F4C2-4B39-9FB9-595443C024CC}.Release|iPhoneSimulator.Deploy.0 = Release|iPhoneSimulator
		{49E48FFE-CEEA-4079-96B8-029ED76A3CA6}.Debug|Any CPU.ActiveCfg = Debug|Any CPU
		{49E48FFE-CEEA-4079-96B8-029ED76A3CA6}.Debug|Any CPU.Build.0 = Debug|Any CPU
		{49E48FFE-CEEA-4079-96B8-029ED76A3CA6}.Debug|Any CPU.Deploy.0 = Debug|Any CPU
		{49E48FFE-CEEA-4079-96B8-029ED76A3CA6}.Debug|iPhone.ActiveCfg = Debug|Any CPU
		{49E48FFE-CEEA-4079-96B8-029ED76A3CA6}.Debug|iPhone.Build.0 = Debug|Any CPU
		{49E48FFE-CEEA-4079-96B8-029ED76A3CA6}.Debug|iPhone.Deploy.0 = Debug|Any CPU
		{49E48FFE-CEEA-4079-96B8-029ED76A3CA6}.Debug|iPhoneSimulator.ActiveCfg = Debug|Any CPU
		{49E48FFE-CEEA-4079-96B8-029ED76A3CA6}.Debug|iPhoneSimulator.Build.0 = Debug|Any CPU
		{49E48FFE-CEEA-4079-96B8-029ED76A3CA6}.Debug|iPhoneSimulator.Deploy.0 = Debug|Any CPU
		{49E48FFE-CEEA-4079-96B8-029ED76A3CA6}.Release|Any CPU.ActiveCfg = Release|Any CPU
		{49E48FFE-CEEA-4079-96B8-029ED76A3CA6}.Release|Any CPU.Build.0 = Release|Any CPU
		{49E48FFE-CEEA-4079-96B8-029ED76A3CA6}.Release|Any CPU.Deploy.0 = Release|Any CPU
		{49E48FFE-CEEA-4079-96B8-029ED76A3CA6}.Release|iPhone.ActiveCfg = Release|Any CPU
		{49E48FFE-CEEA-4079-96B8-029ED76A3CA6}.Release|iPhone.Build.0 = Release|Any CPU
		{49E48FFE-CEEA-4079-96B8-029ED76A3CA6}.Release|iPhone.Deploy.0 = Release|Any CPU
		{49E48FFE-CEEA-4079-96B8-029ED76A3CA6}.Release|iPhoneSimulator.ActiveCfg = Release|Any CPU
		{49E48FFE-CEEA-4079-96B8-029ED76A3CA6}.Release|iPhoneSimulator.Build.0 = Release|Any CPU
		{49E48FFE-CEEA-4079-96B8-029ED76A3CA6}.Release|iPhoneSimulator.Deploy.0 = Release|Any CPU
	EndGlobalSection
	GlobalSection(SolutionProperties) = preSolution
		HideSolutionNode = FALSE
	EndGlobalSection
	GlobalSection(ExtensibilityGlobals) = postSolution
		SolutionGuid = {81640087-3000-4F78-B5EB-D07A161058A0}
	EndGlobalSection
EndGlobal
